{
  "name": "canvas",
  "version": "1.0.0",
  "lockfileVersion": 1,
  "requires": true,
  "dependencies": {
    "simple-statistics": {
      "version": "7.0.2",
      "resolved": "https://registry.npmjs.org/simple-statistics/-/simple-statistics-7.0.2.tgz",
      "integrity": "sha512-wqTjlmbiaL6Fqaw28tSjQrthjxVV17MMfi/H/qvE0jAvtLspB2S7gEtcR27uvhSRAa64LhjhoO169rX8sFW3pg=="
    }
  }
}
